// !$*UTF8*$!
{
	archiveVersion = 1;
	classes = {
	};
	objectVersion = 56;
	objects = {

/* Begin PBXBuildFile section */
		14515F1B510DDAB81B3763EE /* Pods_TraineeGAllery.framework in Frameworks */ = {isa = PBXBuildFile; fileRef = CC270DB30C355A1698E7FA56 /* Pods_TraineeGAllery.framework */; };
		4709BA0D29D1AC900035F64F /* AppDelegate.swift in Sources */ = {isa = PBXBuildFile; fileRef = 4709BA0C29D1AC900035F64F /* AppDelegate.swift */; };
		4709BA0F29D1AC900035F64F /* SceneDelegate.swift in Sources */ = {isa = PBXBuildFile; fileRef = 4709BA0E29D1AC900035F64F /* SceneDelegate.swift */; };
		4709BA1129D1AC900035F64F /* MainViewController.swift in Sources */ = {isa = PBXBuildFile; fileRef = 4709BA1029D1AC900035F64F /* MainViewController.swift */; };
		4709BA1429D1AC900035F64F /* Main.storyboard in Resources */ = {isa = PBXBuildFile; fileRef = 4709BA1229D1AC900035F64F /* Main.storyboard */; };
		4709BA1629D1AC910035F64F /* Assets.xcassets in Resources */ = {isa = PBXBuildFile; fileRef = 4709BA1529D1AC910035F64F /* Assets.xcassets */; };
		4709BA1929D1AC910035F64F /* LaunchScreen.storyboard in Resources */ = {isa = PBXBuildFile; fileRef = 4709BA1729D1AC910035F64F /* LaunchScreen.storyboard */; };
		4709BA2129D1AED70035F64F /* CollectionViewCellModel.swift in Sources */ = {isa = PBXBuildFile; fileRef = 4709BA2029D1AED70035F64F /* CollectionViewCellModel.swift */; };
		4709BA2429D1BE730035F64F /* UIColor+CGColor.swift in Sources */ = {isa = PBXBuildFile; fileRef = 4709BA2329D1BE730035F64F /* UIColor+CGColor.swift */; };
		4709BA2629D1C06F0035F64F /* DetailedViewController.swift in Sources */ = {isa = PBXBuildFile; fileRef = 4709BA2529D1C06F0035F64F /* DetailedViewController.swift */; };
		4709BA2929D1C3EF0035F64F /* AddSubview.swift in Sources */ = {isa = PBXBuildFile; fileRef = 4709BA2829D1C3EF0035F64F /* AddSubview.swift */; };
		4709BA2B29D1E0920035F64F /* JSONModel.swift in Sources */ = {isa = PBXBuildFile; fileRef = 4709BA2A29D1E0920035F64F /* JSONModel.swift */; };
		4709BA2D29D1E4690035F64F /* URLConfiguration.swift in Sources */ = {isa = PBXBuildFile; fileRef = 4709BA2C29D1E4690035F64F /* URLConfiguration.swift */; };
		4758098729DEB54E00BA741E /* UIFont.swift in Sources */ = {isa = PBXBuildFile; fileRef = 4758098629DEB54E00BA741E /* UIFont.swift */; };
		4758098929DFF86900BA741E /* NetworkService.swift in Sources */ = {isa = PBXBuildFile; fileRef = 4758098829DFF86900BA741E /* NetworkService.swift */; };
		4758099529E07D9A00BA741E /* NetworkServiceProtocol.swift in Sources */ = {isa = PBXBuildFile; fileRef = 4758099429E07D9A00BA741E /* NetworkServiceProtocol.swift */; };
		475AA77C29D31F2D006B9BC6 /* SegmentMode.swift in Sources */ = {isa = PBXBuildFile; fileRef = 475AA77B29D31F2D006B9BC6 /* SegmentMode.swift */; };
		475AA78029D6DFDB006B9BC6 /* SegContrUnderLine.swift in Sources */ = {isa = PBXBuildFile; fileRef = 475AA77F29D6DFDB006B9BC6 /* SegContrUnderLine.swift */; };
		475AA78229D6E08C006B9BC6 /* UIViewAnimation.swift in Sources */ = {isa = PBXBuildFile; fileRef = 475AA78129D6E08C006B9BC6 /* UIViewAnimation.swift */; };
		475AA78529D6E1E1006B9BC6 /* MainViewController+CollectionView.swift in Sources */ = {isa = PBXBuildFile; fileRef = 475AA78429D6E1E1006B9BC6 /* MainViewController+CollectionView.swift */; };
		475AA78829D6E6B2006B9BC6 /* Roboto-Regular.ttf in Resources */ = {isa = PBXBuildFile; fileRef = 475AA78729D6E6B2006B9BC6 /* Roboto-Regular.ttf */; };
		475AA78A29D6E7F4006B9BC6 /* Roboto-Light.ttf in Resources */ = {isa = PBXBuildFile; fileRef = 475AA78929D6E7F4006B9BC6 /* Roboto-Light.ttf */; };
		475AA78E29D744EF006B9BC6 /* Footers.swift in Sources */ = {isa = PBXBuildFile; fileRef = 475AA78D29D744EF006B9BC6 /* Footers.swift */; };
		479E68CE29ED32CF0053E706 /* WelcomeViewController.swift in Sources */ = {isa = PBXBuildFile; fileRef = 479E68CD29ED32CF0053E706 /* WelcomeViewController.swift */; };
		479E68D129ED39150053E706 /* Roboto-Bold.ttf in Resources */ = {isa = PBXBuildFile; fileRef = 479E68D029ED39150053E706 /* Roboto-Bold.ttf */; };
		47CB5B9829DB2970002BB2ED /* NoConnectionStack.swift in Sources */ = {isa = PBXBuildFile; fileRef = 47CB5B9729DB2970002BB2ED /* NoConnectionStack.swift */; };
		47CB5B9A29DB3556002BB2ED /* ApplicationStrings.strings in Resources */ = {isa = PBXBuildFile; fileRef = 47CB5B9929DB3556002BB2ED /* ApplicationStrings.strings */; };
		47CB5BA329DCB59A002BB2ED /* SampleScreenPresenterImp.swift in Sources */ = {isa = PBXBuildFile; fileRef = 47CB5B9C29DCB59A002BB2ED /* SampleScreenPresenterImp.swift */; };
		47CB5BA429DCB59A002BB2ED /* SampleScreenRouter.swift in Sources */ = {isa = PBXBuildFile; fileRef = 47CB5B9D29DCB59A002BB2ED /* SampleScreenRouter.swift */; };
		47CB5BA529DCB59A002BB2ED /* SampleScreenViewController.swift in Sources */ = {isa = PBXBuildFile; fileRef = 47CB5B9E29DCB59A002BB2ED /* SampleScreenViewController.swift */; };
		47CB5BA629DCB59A002BB2ED /* SampleScreenConfigurator.swift in Sources */ = {isa = PBXBuildFile; fileRef = 47CB5B9F29DCB59A002BB2ED /* SampleScreenConfigurator.swift */; };
		47CB5BA729DCB59A002BB2ED /* SampleScreenView.swift in Sources */ = {isa = PBXBuildFile; fileRef = 47CB5BA129DCB59A002BB2ED /* SampleScreenView.swift */; };
		47CB5BA829DCB59A002BB2ED /* SampleScreenPresenter.swift in Sources */ = {isa = PBXBuildFile; fileRef = 47CB5BA229DCB59A002BB2ED /* SampleScreenPresenter.swift */; };
		47CB5BAF29DCB685002BB2ED /* MainPresenter.swift in Sources */ = {isa = PBXBuildFile; fileRef = 47CB5BAE29DCB685002BB2ED /* MainPresenter.swift */; };
		47CB5BB129DCB6D4002BB2ED /* MainConfigurator.swift in Sources */ = {isa = PBXBuildFile; fileRef = 47CB5BB029DCB6D4002BB2ED /* MainConfigurator.swift */; };
		47CB5BB329DCB6E0002BB2ED /* MainRouter.swift in Sources */ = {isa = PBXBuildFile; fileRef = 47CB5BB229DCB6E0002BB2ED /* MainRouter.swift */; };
		47CB5BBD29DDCF3D002BB2ED /* DetailedPresenter.swift in Sources */ = {isa = PBXBuildFile; fileRef = 47CB5BBC29DDCF3D002BB2ED /* DetailedPresenter.swift */; };
		47CB5BBF29DDCF4C002BB2ED /* DetailedConfigurator.swift in Sources */ = {isa = PBXBuildFile; fileRef = 47CB5BBE29DDCF4C002BB2ED /* DetailedConfigurator.swift */; };
		47CB5BC129DDCF5E002BB2ED /* DetailedRouter.swift in Sources */ = {isa = PBXBuildFile; fileRef = 47CB5BC029DDCF5E002BB2ED /* DetailedRouter.swift */; };
		47E515BD29F8588C00AB5397 /* WelcomePresenter.swift in Sources */ = {isa = PBXBuildFile; fileRef = 47E515BC29F8588C00AB5397 /* WelcomePresenter.swift */; };
		47E515BF29F858BB00AB5397 /* WelcomeConfigurator.swift in Sources */ = {isa = PBXBuildFile; fileRef = 47E515BE29F858BB00AB5397 /* WelcomeConfigurator.swift */; };
		47E515C129F85BEC00AB5397 /* WelcomeRouter.swift in Sources */ = {isa = PBXBuildFile; fileRef = 47E515C029F85BEC00AB5397 /* WelcomeRouter.swift */; };
		47E515C429F8600900AB5397 /* SignUpViewController.swift in Sources */ = {isa = PBXBuildFile; fileRef = 47E515C329F8600900AB5397 /* SignUpViewController.swift */; };
		47E515C629F8601500AB5397 /* SignUpPresenter.swift in Sources */ = {isa = PBXBuildFile; fileRef = 47E515C529F8601500AB5397 /* SignUpPresenter.swift */; };
		47E515C829F8602000AB5397 /* SignUpRouter.swift in Sources */ = {isa = PBXBuildFile; fileRef = 47E515C729F8602000AB5397 /* SignUpRouter.swift */; };
		47E515CA29F8602F00AB5397 /* SignUpConfigurator.swift in Sources */ = {isa = PBXBuildFile; fileRef = 47E515C929F8602F00AB5397 /* SignUpConfigurator.swift */; };
		47E515CE29F87B9500AB5397 /* SignInViewController.swift in Sources */ = {isa = PBXBuildFile; fileRef = 47E515CD29F87B9500AB5397 /* SignInViewController.swift */; };
		47E515D029F87BD500AB5397 /* SignInPresenter.swift in Sources */ = {isa = PBXBuildFile; fileRef = 47E515CF29F87BD500AB5397 /* SignInPresenter.swift */; };
		47E515D229F87C0500AB5397 /* SignInRouter.swift in Sources */ = {isa = PBXBuildFile; fileRef = 47E515D129F87C0500AB5397 /* SignInRouter.swift */; };
		47E515D429F87C3500AB5397 /* SignInConfigurator.swift in Sources */ = {isa = PBXBuildFile; fileRef = 47E515D329F87C3500AB5397 /* SignInConfigurator.swift */; };
		47E515D629F8A04200AB5397 /* TextField.swift in Sources */ = {isa = PBXBuildFile; fileRef = 47E515D529F8A04200AB5397 /* TextField.swift */; };
		47EEEEBB2A026C7B0075791D /* TabBarViewController.swift in Sources */ = {isa = PBXBuildFile; fileRef = 47EEEEBA2A026C7B0075791D /* TabBarViewController.swift */; };
		47EEEEBD2A026D210075791D /* ProfileViewController.swift in Sources */ = {isa = PBXBuildFile; fileRef = 47EEEEBC2A026D210075791D /* ProfileViewController.swift */; };
		47EEEEBF2A026D350075791D /* AddPhotoViewController.swift in Sources */ = {isa = PBXBuildFile; fileRef = 47EEEEBE2A026D350075791D /* AddPhotoViewController.swift */; };
		47EEEEC42A0270B00075791D /* TabBarPresenter.swift in Sources */ = {isa = PBXBuildFile; fileRef = 47EEEEC32A0270B00075791D /* TabBarPresenter.swift */; };
		47EEEEC62A0270BD0075791D /* TabBarRouter.swift in Sources */ = {isa = PBXBuildFile; fileRef = 47EEEEC52A0270BD0075791D /* TabBarRouter.swift */; };
		47EEEEC82A0270CF0075791D /* TabBarConfigurator.swift in Sources */ = {isa = PBXBuildFile; fileRef = 47EEEEC72A0270CF0075791D /* TabBarConfigurator.swift */; };
		47EEEECA2A0283A90075791D /* AddPhotoConfigurator.swift in Sources */ = {isa = PBXBuildFile; fileRef = 47EEEEC92A0283A90075791D /* AddPhotoConfigurator.swift */; };
		47EEEECC2A0283B60075791D /* ProfileConfigurator.swift in Sources */ = {isa = PBXBuildFile; fileRef = 47EEEECB2A0283B60075791D /* ProfileConfigurator.swift */; };
		47EEEECE2A02D42A0075791D /* AddPhotoVC+CollectionView.swift in Sources */ = {isa = PBXBuildFile; fileRef = 47EEEECD2A02D42A0075791D /* AddPhotoVC+CollectionView.swift */; };
		47EEEED02A02E20D0075791D /* AddPhotoPresenter.swift in Sources */ = {isa = PBXBuildFile; fileRef = 47EEEECF2A02E20D0075791D /* AddPhotoPresenter.swift */; };
		47EEEED22A02E21A0075791D /* AddPhotoRouter.swift in Sources */ = {isa = PBXBuildFile; fileRef = 47EEEED12A02E21A0075791D /* AddPhotoRouter.swift */; };
		47EEEED52A02E49F0075791D /* AddDataViewController.swift in Sources */ = {isa = PBXBuildFile; fileRef = 47EEEED42A02E49F0075791D /* AddDataViewController.swift */; };
		47EEEED72A02E4AF0075791D /* AddDataConfigurator.swift in Sources */ = {isa = PBXBuildFile; fileRef = 47EEEED62A02E4AF0075791D /* AddDataConfigurator.swift */; };
		47EEEEDA2A0988020075791D /* ProfilePresenter.swift in Sources */ = {isa = PBXBuildFile; fileRef = 47EEEED92A0988020075791D /* ProfilePresenter.swift */; };
		47EEEEDC2A09880C0075791D /* ProfileRouter.swift in Sources */ = {isa = PBXBuildFile; fileRef = 47EEEEDB2A09880C0075791D /* ProfileRouter.swift */; };
		47EEEEDE2A0989AB0075791D /* SettingsViewController.swift in Sources */ = {isa = PBXBuildFile; fileRef = 47EEEEDD2A0989AB0075791D /* SettingsViewController.swift */; };
		47EEEEE02A098A0B0075791D /* SettingsConfigurator.swift in Sources */ = {isa = PBXBuildFile; fileRef = 47EEEEDF2A098A0B0075791D /* SettingsConfigurator.swift */; };
/* End PBXBuildFile section */

/* Begin PBXFileReference section */
		4709BA0929D1AC900035F64F /* TraineeGAllery.app */ = {isa = PBXFileReference; explicitFileType = wrapper.application; includeInIndex = 0; path = TraineeGAllery.app; sourceTree = BUILT_PRODUCTS_DIR; };
		4709BA0C29D1AC900035F64F /* AppDelegate.swift */ = {isa = PBXFileReference; lastKnownFileType = sourcecode.swift; path = AppDelegate.swift; sourceTree = "<group>"; };
		4709BA0E29D1AC900035F64F /* SceneDelegate.swift */ = {isa = PBXFileReference; lastKnownFileType = sourcecode.swift; path = SceneDelegate.swift; sourceTree = "<group>"; };
		4709BA1029D1AC900035F64F /* MainViewController.swift */ = {isa = PBXFileReference; lastKnownFileType = sourcecode.swift; path = MainViewController.swift; sourceTree = "<group>"; };
		4709BA1329D1AC900035F64F /* Base */ = {isa = PBXFileReference; lastKnownFileType = file.storyboard; name = Base; path = Base.lproj/Main.storyboard; sourceTree = "<group>"; };
		4709BA1529D1AC910035F64F /* Assets.xcassets */ = {isa = PBXFileReference; lastKnownFileType = folder.assetcatalog; path = Assets.xcassets; sourceTree = "<group>"; };
		4709BA1829D1AC910035F64F /* Base */ = {isa = PBXFileReference; lastKnownFileType = file.storyboard; name = Base; path = Base.lproj/LaunchScreen.storyboard; sourceTree = "<group>"; };
		4709BA1A29D1AC910035F64F /* Info.plist */ = {isa = PBXFileReference; lastKnownFileType = text.plist.xml; path = Info.plist; sourceTree = "<group>"; };
		4709BA2029D1AED70035F64F /* CollectionViewCellModel.swift */ = {isa = PBXFileReference; lastKnownFileType = sourcecode.swift; path = CollectionViewCellModel.swift; sourceTree = "<group>"; };
		4709BA2329D1BE730035F64F /* UIColor+CGColor.swift */ = {isa = PBXFileReference; lastKnownFileType = sourcecode.swift; path = "UIColor+CGColor.swift"; sourceTree = "<group>"; };
		4709BA2529D1C06F0035F64F /* DetailedViewController.swift */ = {isa = PBXFileReference; lastKnownFileType = sourcecode.swift; path = DetailedViewController.swift; sourceTree = "<group>"; };
		4709BA2829D1C3EF0035F64F /* AddSubview.swift */ = {isa = PBXFileReference; lastKnownFileType = sourcecode.swift; path = AddSubview.swift; sourceTree = "<group>"; };
		4709BA2A29D1E0920035F64F /* JSONModel.swift */ = {isa = PBXFileReference; lastKnownFileType = sourcecode.swift; path = JSONModel.swift; sourceTree = "<group>"; };
		4709BA2C29D1E4690035F64F /* URLConfiguration.swift */ = {isa = PBXFileReference; lastKnownFileType = sourcecode.swift; path = URLConfiguration.swift; sourceTree = "<group>"; };
		4758098629DEB54E00BA741E /* UIFont.swift */ = {isa = PBXFileReference; lastKnownFileType = sourcecode.swift; path = UIFont.swift; sourceTree = "<group>"; };
		4758098829DFF86900BA741E /* NetworkService.swift */ = {isa = PBXFileReference; lastKnownFileType = sourcecode.swift; path = NetworkService.swift; sourceTree = "<group>"; };
		4758099429E07D9A00BA741E /* NetworkServiceProtocol.swift */ = {isa = PBXFileReference; lastKnownFileType = sourcecode.swift; path = NetworkServiceProtocol.swift; sourceTree = "<group>"; };
		475AA77B29D31F2D006B9BC6 /* SegmentMode.swift */ = {isa = PBXFileReference; lastKnownFileType = sourcecode.swift; path = SegmentMode.swift; sourceTree = "<group>"; };
		475AA77F29D6DFDB006B9BC6 /* SegContrUnderLine.swift */ = {isa = PBXFileReference; lastKnownFileType = sourcecode.swift; path = SegContrUnderLine.swift; sourceTree = "<group>"; };
		475AA78129D6E08C006B9BC6 /* UIViewAnimation.swift */ = {isa = PBXFileReference; lastKnownFileType = sourcecode.swift; path = UIViewAnimation.swift; sourceTree = "<group>"; };
		475AA78429D6E1E1006B9BC6 /* MainViewController+CollectionView.swift */ = {isa = PBXFileReference; lastKnownFileType = sourcecode.swift; path = "MainViewController+CollectionView.swift"; sourceTree = "<group>"; };
		475AA78729D6E6B2006B9BC6 /* Roboto-Regular.ttf */ = {isa = PBXFileReference; lastKnownFileType = file; path = "Roboto-Regular.ttf"; sourceTree = "<group>"; };
		475AA78929D6E7F4006B9BC6 /* Roboto-Light.ttf */ = {isa = PBXFileReference; lastKnownFileType = file; path = "Roboto-Light.ttf"; sourceTree = "<group>"; };
		475AA78D29D744EF006B9BC6 /* Footers.swift */ = {isa = PBXFileReference; lastKnownFileType = sourcecode.swift; path = Footers.swift; sourceTree = "<group>"; };
		479E68CD29ED32CF0053E706 /* WelcomeViewController.swift */ = {isa = PBXFileReference; lastKnownFileType = sourcecode.swift; path = WelcomeViewController.swift; sourceTree = "<group>"; };
		479E68D029ED39150053E706 /* Roboto-Bold.ttf */ = {isa = PBXFileReference; lastKnownFileType = file; path = "Roboto-Bold.ttf"; sourceTree = "<group>"; };
		47CB5B9729DB2970002BB2ED /* NoConnectionStack.swift */ = {isa = PBXFileReference; lastKnownFileType = sourcecode.swift; path = NoConnectionStack.swift; sourceTree = "<group>"; };
		47CB5B9929DB3556002BB2ED /* ApplicationStrings.strings */ = {isa = PBXFileReference; lastKnownFileType = text.plist.strings; path = ApplicationStrings.strings; sourceTree = "<group>"; };
		47CB5B9C29DCB59A002BB2ED /* SampleScreenPresenterImp.swift */ = {isa = PBXFileReference; fileEncoding = 4; lastKnownFileType = sourcecode.swift; path = SampleScreenPresenterImp.swift; sourceTree = "<group>"; };
		47CB5B9D29DCB59A002BB2ED /* SampleScreenRouter.swift */ = {isa = PBXFileReference; fileEncoding = 4; lastKnownFileType = sourcecode.swift; path = SampleScreenRouter.swift; sourceTree = "<group>"; };
		47CB5B9E29DCB59A002BB2ED /* SampleScreenViewController.swift */ = {isa = PBXFileReference; fileEncoding = 4; lastKnownFileType = sourcecode.swift; path = SampleScreenViewController.swift; sourceTree = "<group>"; };
		47CB5B9F29DCB59A002BB2ED /* SampleScreenConfigurator.swift */ = {isa = PBXFileReference; fileEncoding = 4; lastKnownFileType = sourcecode.swift; path = SampleScreenConfigurator.swift; sourceTree = "<group>"; };
		47CB5BA129DCB59A002BB2ED /* SampleScreenView.swift */ = {isa = PBXFileReference; fileEncoding = 4; lastKnownFileType = sourcecode.swift; path = SampleScreenView.swift; sourceTree = "<group>"; };
		47CB5BA229DCB59A002BB2ED /* SampleScreenPresenter.swift */ = {isa = PBXFileReference; fileEncoding = 4; lastKnownFileType = sourcecode.swift; path = SampleScreenPresenter.swift; sourceTree = "<group>"; };
		47CB5BAE29DCB685002BB2ED /* MainPresenter.swift */ = {isa = PBXFileReference; lastKnownFileType = sourcecode.swift; path = MainPresenter.swift; sourceTree = "<group>"; };
		47CB5BB029DCB6D4002BB2ED /* MainConfigurator.swift */ = {isa = PBXFileReference; lastKnownFileType = sourcecode.swift; path = MainConfigurator.swift; sourceTree = "<group>"; };
		47CB5BB229DCB6E0002BB2ED /* MainRouter.swift */ = {isa = PBXFileReference; lastKnownFileType = sourcecode.swift; path = MainRouter.swift; sourceTree = "<group>"; };
		47CB5BBC29DDCF3D002BB2ED /* DetailedPresenter.swift */ = {isa = PBXFileReference; lastKnownFileType = sourcecode.swift; path = DetailedPresenter.swift; sourceTree = "<group>"; };
		47CB5BBE29DDCF4C002BB2ED /* DetailedConfigurator.swift */ = {isa = PBXFileReference; lastKnownFileType = sourcecode.swift; path = DetailedConfigurator.swift; sourceTree = "<group>"; };
		47CB5BC029DDCF5E002BB2ED /* DetailedRouter.swift */ = {isa = PBXFileReference; lastKnownFileType = sourcecode.swift; path = DetailedRouter.swift; sourceTree = "<group>"; };
		47E515BC29F8588C00AB5397 /* WelcomePresenter.swift */ = {isa = PBXFileReference; lastKnownFileType = sourcecode.swift; path = WelcomePresenter.swift; sourceTree = "<group>"; };
		47E515BE29F858BB00AB5397 /* WelcomeConfigurator.swift */ = {isa = PBXFileReference; lastKnownFileType = sourcecode.swift; path = WelcomeConfigurator.swift; sourceTree = "<group>"; };
		47E515C029F85BEC00AB5397 /* WelcomeRouter.swift */ = {isa = PBXFileReference; lastKnownFileType = sourcecode.swift; path = WelcomeRouter.swift; sourceTree = "<group>"; };
		47E515C329F8600900AB5397 /* SignUpViewController.swift */ = {isa = PBXFileReference; lastKnownFileType = sourcecode.swift; path = SignUpViewController.swift; sourceTree = "<group>"; };
		47E515C529F8601500AB5397 /* SignUpPresenter.swift */ = {isa = PBXFileReference; lastKnownFileType = sourcecode.swift; path = SignUpPresenter.swift; sourceTree = "<group>"; };
		47E515C729F8602000AB5397 /* SignUpRouter.swift */ = {isa = PBXFileReference; lastKnownFileType = sourcecode.swift; path = SignUpRouter.swift; sourceTree = "<group>"; };
		47E515C929F8602F00AB5397 /* SignUpConfigurator.swift */ = {isa = PBXFileReference; lastKnownFileType = sourcecode.swift; path = SignUpConfigurator.swift; sourceTree = "<group>"; };
		47E515CD29F87B9500AB5397 /* SignInViewController.swift */ = {isa = PBXFileReference; lastKnownFileType = sourcecode.swift; path = SignInViewController.swift; sourceTree = "<group>"; };
		47E515CF29F87BD500AB5397 /* SignInPresenter.swift */ = {isa = PBXFileReference; lastKnownFileType = sourcecode.swift; path = SignInPresenter.swift; sourceTree = "<group>"; };
		47E515D129F87C0500AB5397 /* SignInRouter.swift */ = {isa = PBXFileReference; lastKnownFileType = sourcecode.swift; path = SignInRouter.swift; sourceTree = "<group>"; };
		47E515D329F87C3500AB5397 /* SignInConfigurator.swift */ = {isa = PBXFileReference; lastKnownFileType = sourcecode.swift; path = SignInConfigurator.swift; sourceTree = "<group>"; };
		47E515D529F8A04200AB5397 /* TextField.swift */ = {isa = PBXFileReference; lastKnownFileType = sourcecode.swift; path = TextField.swift; sourceTree = "<group>"; };
		47EEEEBA2A026C7B0075791D /* TabBarViewController.swift */ = {isa = PBXFileReference; lastKnownFileType = sourcecode.swift; path = TabBarViewController.swift; sourceTree = "<group>"; };
		47EEEEBC2A026D210075791D /* ProfileViewController.swift */ = {isa = PBXFileReference; lastKnownFileType = sourcecode.swift; path = ProfileViewController.swift; sourceTree = "<group>"; };
		47EEEEBE2A026D350075791D /* AddPhotoViewController.swift */ = {isa = PBXFileReference; lastKnownFileType = sourcecode.swift; path = AddPhotoViewController.swift; sourceTree = "<group>"; };
		47EEEEC32A0270B00075791D /* TabBarPresenter.swift */ = {isa = PBXFileReference; lastKnownFileType = sourcecode.swift; path = TabBarPresenter.swift; sourceTree = "<group>"; };
		47EEEEC52A0270BD0075791D /* TabBarRouter.swift */ = {isa = PBXFileReference; lastKnownFileType = sourcecode.swift; path = TabBarRouter.swift; sourceTree = "<group>"; };
		47EEEEC72A0270CF0075791D /* TabBarConfigurator.swift */ = {isa = PBXFileReference; lastKnownFileType = sourcecode.swift; path = TabBarConfigurator.swift; sourceTree = "<group>"; };
		47EEEEC92A0283A90075791D /* AddPhotoConfigurator.swift */ = {isa = PBXFileReference; lastKnownFileType = sourcecode.swift; path = AddPhotoConfigurator.swift; sourceTree = "<group>"; };
		47EEEECB2A0283B60075791D /* ProfileConfigurator.swift */ = {isa = PBXFileReference; lastKnownFileType = sourcecode.swift; path = ProfileConfigurator.swift; sourceTree = "<group>"; };
		47EEEECD2A02D42A0075791D /* AddPhotoVC+CollectionView.swift */ = {isa = PBXFileReference; lastKnownFileType = sourcecode.swift; path = "AddPhotoVC+CollectionView.swift"; sourceTree = "<group>"; };
		47EEEECF2A02E20D0075791D /* AddPhotoPresenter.swift */ = {isa = PBXFileReference; lastKnownFileType = sourcecode.swift; path = AddPhotoPresenter.swift; sourceTree = "<group>"; };
		47EEEED12A02E21A0075791D /* AddPhotoRouter.swift */ = {isa = PBXFileReference; lastKnownFileType = sourcecode.swift; path = AddPhotoRouter.swift; sourceTree = "<group>"; };
		47EEEED42A02E49F0075791D /* AddDataViewController.swift */ = {isa = PBXFileReference; lastKnownFileType = sourcecode.swift; path = AddDataViewController.swift; sourceTree = "<group>"; };
		47EEEED62A02E4AF0075791D /* AddDataConfigurator.swift */ = {isa = PBXFileReference; lastKnownFileType = sourcecode.swift; path = AddDataConfigurator.swift; sourceTree = "<group>"; };
		47EEEED92A0988020075791D /* ProfilePresenter.swift */ = {isa = PBXFileReference; lastKnownFileType = sourcecode.swift; path = ProfilePresenter.swift; sourceTree = "<group>"; };
		47EEEEDB2A09880C0075791D /* ProfileRouter.swift */ = {isa = PBXFileReference; lastKnownFileType = sourcecode.swift; path = ProfileRouter.swift; sourceTree = "<group>"; };
		47EEEEDD2A0989AB0075791D /* SettingsViewController.swift */ = {isa = PBXFileReference; lastKnownFileType = sourcecode.swift; path = SettingsViewController.swift; sourceTree = "<group>"; };
		47EEEEDF2A098A0B0075791D /* SettingsConfigurator.swift */ = {isa = PBXFileReference; lastKnownFileType = sourcecode.swift; path = SettingsConfigurator.swift; sourceTree = "<group>"; };
		56132349D80DAEC94FF9C382 /* Pods-TraineeGAllery.debug.xcconfig */ = {isa = PBXFileReference; includeInIndex = 1; lastKnownFileType = text.xcconfig; name = "Pods-TraineeGAllery.debug.xcconfig"; path = "Target Support Files/Pods-TraineeGAllery/Pods-TraineeGAllery.debug.xcconfig"; sourceTree = "<group>"; };
		5EAF76BA86F4DA72706BBFBD /* Pods-TraineeGAllery.release.xcconfig */ = {isa = PBXFileReference; includeInIndex = 1; lastKnownFileType = text.xcconfig; name = "Pods-TraineeGAllery.release.xcconfig"; path = "Target Support Files/Pods-TraineeGAllery/Pods-TraineeGAllery.release.xcconfig"; sourceTree = "<group>"; };
		CC270DB30C355A1698E7FA56 /* Pods_TraineeGAllery.framework */ = {isa = PBXFileReference; explicitFileType = wrapper.framework; includeInIndex = 0; path = Pods_TraineeGAllery.framework; sourceTree = BUILT_PRODUCTS_DIR; };
/* End PBXFileReference section */

/* Begin PBXFrameworksBuildPhase section */
		4709BA0629D1AC900035F64F /* Frameworks */ = {
			isa = PBXFrameworksBuildPhase;
			buildActionMask = 2147483647;
			files = (
				14515F1B510DDAB81B3763EE /* Pods_TraineeGAllery.framework in Frameworks */,
			);
			runOnlyForDeploymentPostprocessing = 0;
		};
/* End PBXFrameworksBuildPhase section */

/* Begin PBXGroup section */
		27533053DC3527FE556C6321 /* Pods */ = {
			isa = PBXGroup;
			children = (
				56132349D80DAEC94FF9C382 /* Pods-TraineeGAllery.debug.xcconfig */,
				5EAF76BA86F4DA72706BBFBD /* Pods-TraineeGAllery.release.xcconfig */,
			);
			path = Pods;
			sourceTree = "<group>";
		};
		4709BA0029D1AC900035F64F = {
			isa = PBXGroup;
			children = (
				4709BA0B29D1AC900035F64F /* TraineeGAllery */,
				4709BA0A29D1AC900035F64F /* Products */,
				27533053DC3527FE556C6321 /* Pods */,
				EB39576A2D71A841207CAB2B /* Frameworks */,
			);
			sourceTree = "<group>";
		};
		4709BA0A29D1AC900035F64F /* Products */ = {
			isa = PBXGroup;
			children = (
				4709BA0929D1AC900035F64F /* TraineeGAllery.app */,
			);
			name = Products;
			sourceTree = "<group>";
		};
		4709BA0B29D1AC900035F64F /* TraineeGAllery */ = {
			isa = PBXGroup;
			children = (
				4709BA0C29D1AC900035F64F /* AppDelegate.swift */,
				4709BA0E29D1AC900035F64F /* SceneDelegate.swift */,
				47D72DAF29E49B4E00E37909 /* NetworkService */,
				479E68CF29ED32E10053E706 /* WelcomViewController */,
				47E515CC29F87AC600AB5397 /* SignInVC */,
				47E515C229F85FD200AB5397 /* SignUpVC */,
				47EEEEC22A026F430075791D /* TabBarVC */,
				47CB5BA929DCB5D3002BB2ED /* MainVC */,
				47EEEEC12A026F170075791D /* AddPhotoVC */,
				47EEEED32A02E3B70075791D /* AddData */,
				47EEEEC02A026F010075791D /* ProfileVC */,
				47EEEED82A0947F60075791D /* Settings */,
				47CB5BBB29DDCF25002BB2ED /* DetailedViewController */,
				4709BA2729D1C3CC0035F64F /* Extensions */,
				4709BA2229D1AEFF0035F64F /* Models */,
				475AA78D29D744EF006B9BC6 /* Footers.swift */,
				47CB5B9729DB2970002BB2ED /* NoConnectionStack.swift */,
				475AA77B29D31F2D006B9BC6 /* SegmentMode.swift */,
				4709BA2C29D1E4690035F64F /* URLConfiguration.swift */,
				47CB5B9B29DCB59A002BB2ED /* Sample */,
				475AA78629D6E664006B9BC6 /* Fonts */,
				4709BA1229D1AC900035F64F /* Main.storyboard */,
				4709BA1529D1AC910035F64F /* Assets.xcassets */,
				4709BA1729D1AC910035F64F /* LaunchScreen.storyboard */,
				4709BA1A29D1AC910035F64F /* Info.plist */,
			);
			path = TraineeGAllery;
			sourceTree = "<group>";
		};
		4709BA2229D1AEFF0035F64F /* Models */ = {
			isa = PBXGroup;
			children = (
				4709BA2029D1AED70035F64F /* CollectionViewCellModel.swift */,
				4709BA2A29D1E0920035F64F /* JSONModel.swift */,
			);
			path = Models;
			sourceTree = "<group>";
		};
		4709BA2729D1C3CC0035F64F /* Extensions */ = {
			isa = PBXGroup;
			children = (
				4709BA2829D1C3EF0035F64F /* AddSubview.swift */,
				475AA77F29D6DFDB006B9BC6 /* SegContrUnderLine.swift */,
				4709BA2329D1BE730035F64F /* UIColor+CGColor.swift */,
				4758098629DEB54E00BA741E /* UIFont.swift */,
				475AA78129D6E08C006B9BC6 /* UIViewAnimation.swift */,
				47E515D529F8A04200AB5397 /* TextField.swift */,
			);
			path = Extensions;
			sourceTree = "<group>";
		};
		475AA78629D6E664006B9BC6 /* Fonts */ = {
			isa = PBXGroup;
			children = (
				479E68D029ED39150053E706 /* Roboto-Bold.ttf */,
				475AA78929D6E7F4006B9BC6 /* Roboto-Light.ttf */,
				475AA78729D6E6B2006B9BC6 /* Roboto-Regular.ttf */,
				47CB5B9929DB3556002BB2ED /* ApplicationStrings.strings */,
			);
			path = Fonts;
			sourceTree = "<group>";
		};
		479E68CF29ED32E10053E706 /* WelcomViewController */ = {
			isa = PBXGroup;
			children = (
				479E68CD29ED32CF0053E706 /* WelcomeViewController.swift */,
				47E515BC29F8588C00AB5397 /* WelcomePresenter.swift */,
				47E515C029F85BEC00AB5397 /* WelcomeRouter.swift */,
				47E515BE29F858BB00AB5397 /* WelcomeConfigurator.swift */,
			);
			path = WelcomViewController;
			sourceTree = "<group>";
		};
		47CB5B9B29DCB59A002BB2ED /* Sample */ = {
			isa = PBXGroup;
			children = (
				47CB5B9C29DCB59A002BB2ED /* SampleScreenPresenterImp.swift */,
				47CB5B9D29DCB59A002BB2ED /* SampleScreenRouter.swift */,
				47CB5B9E29DCB59A002BB2ED /* SampleScreenViewController.swift */,
				47CB5B9F29DCB59A002BB2ED /* SampleScreenConfigurator.swift */,
				47CB5BA029DCB59A002BB2ED /* Protocols */,
			);
			path = Sample;
			sourceTree = "<group>";
		};
		47CB5BA029DCB59A002BB2ED /* Protocols */ = {
			isa = PBXGroup;
			children = (
				47CB5BA129DCB59A002BB2ED /* SampleScreenView.swift */,
				47CB5BA229DCB59A002BB2ED /* SampleScreenPresenter.swift */,
			);
			path = Protocols;
			sourceTree = "<group>";
		};
		47CB5BA929DCB5D3002BB2ED /* MainVC */ = {
			isa = PBXGroup;
			children = (
				4709BA1029D1AC900035F64F /* MainViewController.swift */,
				475AA78429D6E1E1006B9BC6 /* MainViewController+CollectionView.swift */,
				47CB5BAE29DCB685002BB2ED /* MainPresenter.swift */,
				47CB5BB229DCB6E0002BB2ED /* MainRouter.swift */,
				47CB5BB029DCB6D4002BB2ED /* MainConfigurator.swift */,
			);
			path = MainVC;
			sourceTree = "<group>";
		};
		47CB5BBB29DDCF25002BB2ED /* DetailedViewController */ = {
			isa = PBXGroup;
			children = (
				4709BA2529D1C06F0035F64F /* DetailedViewController.swift */,
				47CB5BBC29DDCF3D002BB2ED /* DetailedPresenter.swift */,
				47CB5BC029DDCF5E002BB2ED /* DetailedRouter.swift */,
				47CB5BBE29DDCF4C002BB2ED /* DetailedConfigurator.swift */,
			);
			path = DetailedViewController;
			sourceTree = "<group>";
		};
		47D72DAF29E49B4E00E37909 /* NetworkService */ = {
			isa = PBXGroup;
			children = (
				4758099429E07D9A00BA741E /* NetworkServiceProtocol.swift */,
				4758098829DFF86900BA741E /* NetworkService.swift */,
			);
			path = NetworkService;
			sourceTree = "<group>";
		};
		47E515C229F85FD200AB5397 /* SignUpVC */ = {
			isa = PBXGroup;
			children = (
				47E515C329F8600900AB5397 /* SignUpViewController.swift */,
				47E515C529F8601500AB5397 /* SignUpPresenter.swift */,
				47E515C729F8602000AB5397 /* SignUpRouter.swift */,
				47E515C929F8602F00AB5397 /* SignUpConfigurator.swift */,
			);
			path = SignUpVC;
			sourceTree = "<group>";
		};
		47E515CC29F87AC600AB5397 /* SignInVC */ = {
			isa = PBXGroup;
			children = (
				47E515CD29F87B9500AB5397 /* SignInViewController.swift */,
				47E515CF29F87BD500AB5397 /* SignInPresenter.swift */,
				47E515D129F87C0500AB5397 /* SignInRouter.swift */,
				47E515D329F87C3500AB5397 /* SignInConfigurator.swift */,
			);
			path = SignInVC;
			sourceTree = "<group>";
		};
		47EEEEC02A026F010075791D /* ProfileVC */ = {
			isa = PBXGroup;
			children = (
				47EEEEBC2A026D210075791D /* ProfileViewController.swift */,
				47EEEED92A0988020075791D /* ProfilePresenter.swift */,
				47EEEEDB2A09880C0075791D /* ProfileRouter.swift */,
				47EEEECB2A0283B60075791D /* ProfileConfigurator.swift */,
			);
			path = ProfileVC;
			sourceTree = "<group>";
		};
		47EEEEC12A026F170075791D /* AddPhotoVC */ = {
			isa = PBXGroup;
			children = (
				47EEEEBE2A026D350075791D /* AddPhotoViewController.swift */,
				47EEEECD2A02D42A0075791D /* AddPhotoVC+CollectionView.swift */,
				47EEEECF2A02E20D0075791D /* AddPhotoPresenter.swift */,
				47EEEED12A02E21A0075791D /* AddPhotoRouter.swift */,
				47EEEEC92A0283A90075791D /* AddPhotoConfigurator.swift */,
			);
			path = AddPhotoVC;
			sourceTree = "<group>";
		};
		47EEEEC22A026F430075791D /* TabBarVC */ = {
			isa = PBXGroup;
			children = (
				47EEEEBA2A026C7B0075791D /* TabBarViewController.swift */,
				47EEEEC32A0270B00075791D /* TabBarPresenter.swift */,
				47EEEEC52A0270BD0075791D /* TabBarRouter.swift */,
				47EEEEC72A0270CF0075791D /* TabBarConfigurator.swift */,
			);
			path = TabBarVC;
			sourceTree = "<group>";
		};
		47EEEED32A02E3B70075791D /* AddData */ = {
			isa = PBXGroup;
			children = (
				47EEEED42A02E49F0075791D /* AddDataViewController.swift */,
				47EEEED62A02E4AF0075791D /* AddDataConfigurator.swift */,
			);
			path = AddData;
			sourceTree = "<group>";
		};
		47EEEED82A0947F60075791D /* Settings */ = {
			isa = PBXGroup;
			children = (
				47EEEEDD2A0989AB0075791D /* SettingsViewController.swift */,
				47EEEEDF2A098A0B0075791D /* SettingsConfigurator.swift */,
			);
			path = Settings;
			sourceTree = "<group>";
		};
		EB39576A2D71A841207CAB2B /* Frameworks */ = {
			isa = PBXGroup;
			children = (
				CC270DB30C355A1698E7FA56 /* Pods_TraineeGAllery.framework */,
			);
			name = Frameworks;
			sourceTree = "<group>";
		};
/* End PBXGroup section */

/* Begin PBXNativeTarget section */
		4709BA0829D1AC900035F64F /* TraineeGAllery */ = {
			isa = PBXNativeTarget;
			buildConfigurationList = 4709BA1D29D1AC910035F64F /* Build configuration list for PBXNativeTarget "TraineeGAllery" */;
			buildPhases = (
				ED2AFE86F0384A9D1AA0A141 /* [CP] Check Pods Manifest.lock */,
				4709BA0529D1AC900035F64F /* Sources */,
				4709BA0629D1AC900035F64F /* Frameworks */,
				4709BA0729D1AC900035F64F /* Resources */,
				9CA5EE2F326237DC984A1F54 /* [CP] Embed Pods Frameworks */,
			);
			buildRules = (
			);
			dependencies = (
			);
			name = TraineeGAllery;
			productName = TraineeGAllery;
			productReference = 4709BA0929D1AC900035F64F /* TraineeGAllery.app */;
			productType = "com.apple.product-type.application";
		};
/* End PBXNativeTarget section */

/* Begin PBXProject section */
		4709BA0129D1AC900035F64F /* Project object */ = {
			isa = PBXProject;
			attributes = {
				BuildIndependentTargetsInParallel = 1;
				LastSwiftUpdateCheck = 1420;
				LastUpgradeCheck = 1420;
				TargetAttributes = {
					4709BA0829D1AC900035F64F = {
						CreatedOnToolsVersion = 14.2;
					};
				};
			};
			buildConfigurationList = 4709BA0429D1AC900035F64F /* Build configuration list for PBXProject "TraineeGAllery" */;
			compatibilityVersion = "Xcode 14.0";
			developmentRegion = en;
			hasScannedForEncodings = 0;
			knownRegions = (
				en,
				Base,
			);
			mainGroup = 4709BA0029D1AC900035F64F;
			productRefGroup = 4709BA0A29D1AC900035F64F /* Products */;
			projectDirPath = "";
			projectRoot = "";
			targets = (
				4709BA0829D1AC900035F64F /* TraineeGAllery */,
			);
		};
/* End PBXProject section */

/* Begin PBXResourcesBuildPhase section */
		4709BA0729D1AC900035F64F /* Resources */ = {
			isa = PBXResourcesBuildPhase;
			buildActionMask = 2147483647;
			files = (
				479E68D129ED39150053E706 /* Roboto-Bold.ttf in Resources */,
				4709BA1929D1AC910035F64F /* LaunchScreen.storyboard in Resources */,
				4709BA1629D1AC910035F64F /* Assets.xcassets in Resources */,
				47CB5B9A29DB3556002BB2ED /* ApplicationStrings.strings in Resources */,
				475AA78A29D6E7F4006B9BC6 /* Roboto-Light.ttf in Resources */,
				475AA78829D6E6B2006B9BC6 /* Roboto-Regular.ttf in Resources */,
				4709BA1429D1AC900035F64F /* Main.storyboard in Resources */,
			);
			runOnlyForDeploymentPostprocessing = 0;
		};
/* End PBXResourcesBuildPhase section */

/* Begin PBXShellScriptBuildPhase section */
		9CA5EE2F326237DC984A1F54 /* [CP] Embed Pods Frameworks */ = {
			isa = PBXShellScriptBuildPhase;
			buildActionMask = 2147483647;
			files = (
			);
			inputFileListPaths = (
				"${PODS_ROOT}/Target Support Files/Pods-TraineeGAllery/Pods-TraineeGAllery-frameworks-${CONFIGURATION}-input-files.xcfilelist",
			);
			name = "[CP] Embed Pods Frameworks";
			outputFileListPaths = (
				"${PODS_ROOT}/Target Support Files/Pods-TraineeGAllery/Pods-TraineeGAllery-frameworks-${CONFIGURATION}-output-files.xcfilelist",
			);
			runOnlyForDeploymentPostprocessing = 0;
			shellPath = /bin/sh;
			shellScript = "\"${PODS_ROOT}/Target Support Files/Pods-TraineeGAllery/Pods-TraineeGAllery-frameworks.sh\"\n";
			showEnvVarsInLog = 0;
		};
		ED2AFE86F0384A9D1AA0A141 /* [CP] Check Pods Manifest.lock */ = {
			isa = PBXShellScriptBuildPhase;
			buildActionMask = 2147483647;
			files = (
			);
			inputFileListPaths = (
			);
			inputPaths = (
				"${PODS_PODFILE_DIR_PATH}/Podfile.lock",
				"${PODS_ROOT}/Manifest.lock",
			);
			name = "[CP] Check Pods Manifest.lock";
			outputFileListPaths = (
			);
			outputPaths = (
				"$(DERIVED_FILE_DIR)/Pods-TraineeGAllery-checkManifestLockResult.txt",
			);
			runOnlyForDeploymentPostprocessing = 0;
			shellPath = /bin/sh;
			shellScript = "diff \"${PODS_PODFILE_DIR_PATH}/Podfile.lock\" \"${PODS_ROOT}/Manifest.lock\" > /dev/null\nif [ $? != 0 ] ; then\n    # print error to STDERR\n    echo \"error: The sandbox is not in sync with the Podfile.lock. Run 'pod install' or update your CocoaPods installation.\" >&2\n    exit 1\nfi\n# This output is used by Xcode 'outputs' to avoid re-running this script phase.\necho \"SUCCESS\" > \"${SCRIPT_OUTPUT_FILE_0}\"\n";
			showEnvVarsInLog = 0;
		};
/* End PBXShellScriptBuildPhase section */

/* Begin PBXSourcesBuildPhase section */
		4709BA0529D1AC900035F64F /* Sources */ = {
			isa = PBXSourcesBuildPhase;
			buildActionMask = 2147483647;
			files = (
				47EEEED02A02E20D0075791D /* AddPhotoPresenter.swift in Sources */,
				47CB5BA829DCB59A002BB2ED /* SampleScreenPresenter.swift in Sources */,
				47CB5BC129DDCF5E002BB2ED /* DetailedRouter.swift in Sources */,
				475AA78529D6E1E1006B9BC6 /* MainViewController+CollectionView.swift in Sources */,
				47CB5BA429DCB59A002BB2ED /* SampleScreenRouter.swift in Sources */,
				47CB5BA729DCB59A002BB2ED /* SampleScreenView.swift in Sources */,
				47E515CE29F87B9500AB5397 /* SignInViewController.swift in Sources */,
				4758098929DFF86900BA741E /* NetworkService.swift in Sources */,
				47EEEECE2A02D42A0075791D /* AddPhotoVC+CollectionView.swift in Sources */,
				47EEEECC2A0283B60075791D /* ProfileConfigurator.swift in Sources */,
				47E515D229F87C0500AB5397 /* SignInRouter.swift in Sources */,
				47EEEEDA2A0988020075791D /* ProfilePresenter.swift in Sources */,
				47EEEEDE2A0989AB0075791D /* SettingsViewController.swift in Sources */,
				4709BA1129D1AC900035F64F /* MainViewController.swift in Sources */,
				47E515C129F85BEC00AB5397 /* WelcomeRouter.swift in Sources */,
				47EEEED22A02E21A0075791D /* AddPhotoRouter.swift in Sources */,
				47CB5BAF29DCB685002BB2ED /* MainPresenter.swift in Sources */,
				47EEEECA2A0283A90075791D /* AddPhotoConfigurator.swift in Sources */,
				475AA78029D6DFDB006B9BC6 /* SegContrUnderLine.swift in Sources */,
				479E68CE29ED32CF0053E706 /* WelcomeViewController.swift in Sources */,
				47EEEED72A02E4AF0075791D /* AddDataConfigurator.swift in Sources */,
				47EEEEE02A098A0B0075791D /* SettingsConfigurator.swift in Sources */,
				4709BA0D29D1AC900035F64F /* AppDelegate.swift in Sources */,
				47E515C629F8601500AB5397 /* SignUpPresenter.swift in Sources */,
				47E515D629F8A04200AB5397 /* TextField.swift in Sources */,
				4758099529E07D9A00BA741E /* NetworkServiceProtocol.swift in Sources */,
				47CB5B9829DB2970002BB2ED /* NoConnectionStack.swift in Sources */,
				475AA78E29D744EF006B9BC6 /* Footers.swift in Sources */,
				47CB5BBF29DDCF4C002BB2ED /* DetailedConfigurator.swift in Sources */,
				47CB5BA629DCB59A002BB2ED /* SampleScreenConfigurator.swift in Sources */,
				47E515D429F87C3500AB5397 /* SignInConfigurator.swift in Sources */,
				4709BA2929D1C3EF0035F64F /* AddSubview.swift in Sources */,
				4709BA2629D1C06F0035F64F /* DetailedViewController.swift in Sources */,
				47EEEEBB2A026C7B0075791D /* TabBarViewController.swift in Sources */,
				47CB5BB129DCB6D4002BB2ED /* MainConfigurator.swift in Sources */,
				47E515C829F8602000AB5397 /* SignUpRouter.swift in Sources */,
				47CB5BBD29DDCF3D002BB2ED /* DetailedPresenter.swift in Sources */,
				47E515D029F87BD500AB5397 /* SignInPresenter.swift in Sources */,
				475AA78229D6E08C006B9BC6 /* UIViewAnimation.swift in Sources */,
				47E515BF29F858BB00AB5397 /* WelcomeConfigurator.swift in Sources */,
				47EEEEBF2A026D350075791D /* AddPhotoViewController.swift in Sources */,
				47E515BD29F8588C00AB5397 /* WelcomePresenter.swift in Sources */,
				47EEEEDC2A09880C0075791D /* ProfileRouter.swift in Sources */,
				47CB5BB329DCB6E0002BB2ED /* MainRouter.swift in Sources */,
				47CB5BA329DCB59A002BB2ED /* SampleScreenPresenterImp.swift in Sources */,
				4709BA0F29D1AC900035F64F /* SceneDelegate.swift in Sources */,
				4709BA2B29D1E0920035F64F /* JSONModel.swift in Sources */,
				47E515C429F8600900AB5397 /* SignUpViewController.swift in Sources */,
				4709BA2D29D1E4690035F64F /* URLConfiguration.swift in Sources */,
				4709BA2129D1AED70035F64F /* CollectionViewCellModel.swift in Sources */,
				4758098729DEB54E00BA741E /* UIFont.swift in Sources */,
				475AA77C29D31F2D006B9BC6 /* SegmentMode.swift in Sources */,
				47EEEEC62A0270BD0075791D /* TabBarRouter.swift in Sources */,
				47CB5BA529DCB59A002BB2ED /* SampleScreenViewController.swift in Sources */,
				47EEEEC42A0270B00075791D /* TabBarPresenter.swift in Sources */,
				47EEEEBD2A026D210075791D /* ProfileViewController.swift in Sources */,
				47EEEEC82A0270CF0075791D /* TabBarConfigurator.swift in Sources */,
				47E515CA29F8602F00AB5397 /* SignUpConfigurator.swift in Sources */,
				4709BA2429D1BE730035F64F /* UIColor+CGColor.swift in Sources */,
				47EEEED52A02E49F0075791D /* AddDataViewController.swift in Sources */,
			);
			runOnlyForDeploymentPostprocessing = 0;
		};
/* End PBXSourcesBuildPhase section */

/* Begin PBXVariantGroup section */
		4709BA1229D1AC900035F64F /* Main.storyboard */ = {
			isa = PBXVariantGroup;
			children = (
				4709BA1329D1AC900035F64F /* Base */,
			);
			name = Main.storyboard;
			sourceTree = "<group>";
		};
		4709BA1729D1AC910035F64F /* LaunchScreen.storyboard */ = {
			isa = PBXVariantGroup;
			children = (
				4709BA1829D1AC910035F64F /* Base */,
			);
			name = LaunchScreen.storyboard;
			sourceTree = "<group>";
		};
/* End PBXVariantGroup section */

/* Begin XCBuildConfiguration section */
		4709BA1B29D1AC910035F64F /* Debug */ = {
			isa = XCBuildConfiguration;
			buildSettings = {
				ALWAYS_SEARCH_USER_PATHS = NO;
				CLANG_ANALYZER_NONNULL = YES;
				CLANG_ANALYZER_NUMBER_OBJECT_CONVERSION = YES_AGGRESSIVE;
				CLANG_CXX_LANGUAGE_STANDARD = "gnu++20";
				CLANG_ENABLE_MODULES = YES;
				CLANG_ENABLE_OBJC_ARC = YES;
				CLANG_ENABLE_OBJC_WEAK = YES;
				CLANG_WARN_BLOCK_CAPTURE_AUTORELEASING = YES;
				CLANG_WARN_BOOL_CONVERSION = YES;
				CLANG_WARN_COMMA = YES;
				CLANG_WARN_CONSTANT_CONVERSION = YES;
				CLANG_WARN_DEPRECATED_OBJC_IMPLEMENTATIONS = YES;
				CLANG_WARN_DIRECT_OBJC_ISA_USAGE = YES_ERROR;
				CLANG_WARN_DOCUMENTATION_COMMENTS = YES;
				CLANG_WARN_EMPTY_BODY = YES;
				CLANG_WARN_ENUM_CONVERSION = YES;
				CLANG_WARN_INFINITE_RECURSION = YES;
				CLANG_WARN_INT_CONVERSION = YES;
				CLANG_WARN_NON_LITERAL_NULL_CONVERSION = YES;
				CLANG_WARN_OBJC_IMPLICIT_RETAIN_SELF = YES;
				CLANG_WARN_OBJC_LITERAL_CONVERSION = YES;
				CLANG_WARN_OBJC_ROOT_CLASS = YES_ERROR;
				CLANG_WARN_QUOTED_INCLUDE_IN_FRAMEWORK_HEADER = YES;
				CLANG_WARN_RANGE_LOOP_ANALYSIS = YES;
				CLANG_WARN_STRICT_PROTOTYPES = YES;
				CLANG_WARN_SUSPICIOUS_MOVE = YES;
				CLANG_WARN_UNGUARDED_AVAILABILITY = YES_AGGRESSIVE;
				CLANG_WARN_UNREACHABLE_CODE = YES;
				CLANG_WARN__DUPLICATE_METHOD_MATCH = YES;
				COPY_PHASE_STRIP = NO;
				DEBUG_INFORMATION_FORMAT = dwarf;
				ENABLE_STRICT_OBJC_MSGSEND = YES;
				ENABLE_TESTABILITY = YES;
				GCC_C_LANGUAGE_STANDARD = gnu11;
				GCC_DYNAMIC_NO_PIC = NO;
				GCC_NO_COMMON_BLOCKS = YES;
				GCC_OPTIMIZATION_LEVEL = 0;
				GCC_PREPROCESSOR_DEFINITIONS = (
					"DEBUG=1",
					"$(inherited)",
				);
				GCC_WARN_64_TO_32_BIT_CONVERSION = YES;
				GCC_WARN_ABOUT_RETURN_TYPE = YES_ERROR;
				GCC_WARN_UNDECLARED_SELECTOR = YES;
				GCC_WARN_UNINITIALIZED_AUTOS = YES_AGGRESSIVE;
				GCC_WARN_UNUSED_FUNCTION = YES;
				GCC_WARN_UNUSED_VARIABLE = YES;
				IPHONEOS_DEPLOYMENT_TARGET = 16.2;
				MTL_ENABLE_DEBUG_INFO = INCLUDE_SOURCE;
				MTL_FAST_MATH = YES;
				ONLY_ACTIVE_ARCH = YES;
				SDKROOT = iphoneos;
				SWIFT_ACTIVE_COMPILATION_CONDITIONS = DEBUG;
				SWIFT_OPTIMIZATION_LEVEL = "-Onone";
			};
			name = Debug;
		};
		4709BA1C29D1AC910035F64F /* Release */ = {
			isa = XCBuildConfiguration;
			buildSettings = {
				ALWAYS_SEARCH_USER_PATHS = NO;
				CLANG_ANALYZER_NONNULL = YES;
				CLANG_ANALYZER_NUMBER_OBJECT_CONVERSION = YES_AGGRESSIVE;
				CLANG_CXX_LANGUAGE_STANDARD = "gnu++20";
				CLANG_ENABLE_MODULES = YES;
				CLANG_ENABLE_OBJC_ARC = YES;
				CLANG_ENABLE_OBJC_WEAK = YES;
				CLANG_WARN_BLOCK_CAPTURE_AUTORELEASING = YES;
				CLANG_WARN_BOOL_CONVERSION = YES;
				CLANG_WARN_COMMA = YES;
				CLANG_WARN_CONSTANT_CONVERSION = YES;
				CLANG_WARN_DEPRECATED_OBJC_IMPLEMENTATIONS = YES;
				CLANG_WARN_DIRECT_OBJC_ISA_USAGE = YES_ERROR;
				CLANG_WARN_DOCUMENTATION_COMMENTS = YES;
				CLANG_WARN_EMPTY_BODY = YES;
				CLANG_WARN_ENUM_CONVERSION = YES;
				CLANG_WARN_INFINITE_RECURSION = YES;
				CLANG_WARN_INT_CONVERSION = YES;
				CLANG_WARN_NON_LITERAL_NULL_CONVERSION = YES;
				CLANG_WARN_OBJC_IMPLICIT_RETAIN_SELF = YES;
				CLANG_WARN_OBJC_LITERAL_CONVERSION = YES;
				CLANG_WARN_OBJC_ROOT_CLASS = YES_ERROR;
				CLANG_WARN_QUOTED_INCLUDE_IN_FRAMEWORK_HEADER = YES;
				CLANG_WARN_RANGE_LOOP_ANALYSIS = YES;
				CLANG_WARN_STRICT_PROTOTYPES = YES;
				CLANG_WARN_SUSPICIOUS_MOVE = YES;
				CLANG_WARN_UNGUARDED_AVAILABILITY = YES_AGGRESSIVE;
				CLANG_WARN_UNREACHABLE_CODE = YES;
				CLANG_WARN__DUPLICATE_METHOD_MATCH = YES;
				COPY_PHASE_STRIP = NO;
				DEBUG_INFORMATION_FORMAT = "dwarf-with-dsym";
				ENABLE_NS_ASSERTIONS = NO;
				ENABLE_STRICT_OBJC_MSGSEND = YES;
				GCC_C_LANGUAGE_STANDARD = gnu11;
				GCC_NO_COMMON_BLOCKS = YES;
				GCC_WARN_64_TO_32_BIT_CONVERSION = YES;
				GCC_WARN_ABOUT_RETURN_TYPE = YES_ERROR;
				GCC_WARN_UNDECLARED_SELECTOR = YES;
				GCC_WARN_UNINITIALIZED_AUTOS = YES_AGGRESSIVE;
				GCC_WARN_UNUSED_FUNCTION = YES;
				GCC_WARN_UNUSED_VARIABLE = YES;
				IPHONEOS_DEPLOYMENT_TARGET = 16.2;
				MTL_ENABLE_DEBUG_INFO = NO;
				MTL_FAST_MATH = YES;
				SDKROOT = iphoneos;
				SWIFT_COMPILATION_MODE = wholemodule;
				SWIFT_OPTIMIZATION_LEVEL = "-O";
				VALIDATE_PRODUCT = YES;
			};
			name = Release;
		};
		4709BA1E29D1AC910035F64F /* Debug */ = {
			isa = XCBuildConfiguration;
			baseConfigurationReference = 56132349D80DAEC94FF9C382 /* Pods-TraineeGAllery.debug.xcconfig */;
			buildSettings = {
				ASSETCATALOG_COMPILER_APPICON_NAME = AppIcon;
				ASSETCATALOG_COMPILER_GLOBAL_ACCENT_COLOR_NAME = AccentColor;
				CODE_SIGN_STYLE = Automatic;
				CURRENT_PROJECT_VERSION = 1;
				GENERATE_INFOPLIST_FILE = YES;
				INFOPLIST_FILE = TraineeGAllery/Info.plist;
				INFOPLIST_KEY_UIApplicationSupportsIndirectInputEvents = YES;
				INFOPLIST_KEY_UILaunchStoryboardName = LaunchScreen;
				INFOPLIST_KEY_UIMainStoryboardFile = Main;
				INFOPLIST_KEY_UISupportedInterfaceOrientations_iPad = "UIInterfaceOrientationPortrait UIInterfaceOrientationPortraitUpsideDown UIInterfaceOrientationLandscapeLeft UIInterfaceOrientationLandscapeRight";
				INFOPLIST_KEY_UISupportedInterfaceOrientations_iPhone = "UIInterfaceOrientationPortrait UIInterfaceOrientationLandscapeLeft UIInterfaceOrientationLandscapeRight";
				LD_RUNPATH_SEARCH_PATHS = (
					"$(inherited)",
					"@executable_path/Frameworks",
				);
				MARKETING_VERSION = 1.0;
				PRODUCT_BUNDLE_IDENTIFIER = ru.nastya.test.TraineeGAllery;
				PRODUCT_NAME = "$(TARGET_NAME)";
				SWIFT_EMIT_LOC_STRINGS = YES;
				SWIFT_VERSION = 5.0;
				TARGETED_DEVICE_FAMILY = "1,2";
			};
			name = Debug;
		};
		4709BA1F29D1AC910035F64F /* Release */ = {
			isa = XCBuildConfiguration;
			baseConfigurationReference = 5EAF76BA86F4DA72706BBFBD /* Pods-TraineeGAllery.release.xcconfig */;
			buildSettings = {
				ASSETCATALOG_COMPILER_APPICON_NAME = AppIcon;
				ASSETCATALOG_COMPILER_GLOBAL_ACCENT_COLOR_NAME = AccentColor;
				CODE_SIGN_STYLE = Automatic;
				CURRENT_PROJECT_VERSION = 1;
				GENERATE_INFOPLIST_FILE = YES;
				INFOPLIST_FILE = TraineeGAllery/Info.plist;
				INFOPLIST_KEY_UIApplicationSupportsIndirectInputEvents = YES;
				INFOPLIST_KEY_UILaunchStoryboardName = LaunchScreen;
				INFOPLIST_KEY_UIMainStoryboardFile = Main;
				INFOPLIST_KEY_UISupportedInterfaceOrientations_iPad = "UIInterfaceOrientationPortrait UIInterfaceOrientationPortraitUpsideDown UIInterfaceOrientationLandscapeLeft UIInterfaceOrientationLandscapeRight";
				INFOPLIST_KEY_UISupportedInterfaceOrientations_iPhone = "UIInterfaceOrientationPortrait UIInterfaceOrientationLandscapeLeft UIInterfaceOrientationLandscapeRight";
				LD_RUNPATH_SEARCH_PATHS = (
					"$(inherited)",
					"@executable_path/Frameworks",
				);
				MARKETING_VERSION = 1.0;
				PRODUCT_BUNDLE_IDENTIFIER = ru.nastya.test.TraineeGAllery;
				PRODUCT_NAME = "$(TARGET_NAME)";
				SWIFT_EMIT_LOC_STRINGS = YES;
				SWIFT_VERSION = 5.0;
				TARGETED_DEVICE_FAMILY = "1,2";
			};
			name = Release;
		};
/* End XCBuildConfiguration section */

/* Begin XCConfigurationList section */
		4709BA0429D1AC900035F64F /* Build configuration list for PBXProject "TraineeGAllery" */ = {
			isa = XCConfigurationList;
			buildConfigurations = (
				4709BA1B29D1AC910035F64F /* Debug */,
				4709BA1C29D1AC910035F64F /* Release */,
			);
			defaultConfigurationIsVisible = 0;
			defaultConfigurationName = Release;
		};
		4709BA1D29D1AC910035F64F /* Build configuration list for PBXNativeTarget "TraineeGAllery" */ = {
			isa = XCConfigurationList;
			buildConfigurations = (
				4709BA1E29D1AC910035F64F /* Debug */,
				4709BA1F29D1AC910035F64F /* Release */,
			);
			defaultConfigurationIsVisible = 0;
			defaultConfigurationName = Release;
		};
/* End XCConfigurationList section */
	};
	rootObject = 4709BA0129D1AC900035F64F /* Project object */;
}
